# THIS IS AN AUTOGENERATED FILE. DO NOT EDIT THIS FILE DIRECTLY.
# yarn lockfile v1


debug@latest:
  version "3.0.0"
  resolved "https://registry.yarnpkg.com/debug/-/debug-3.0.0.tgz#1d2feae53349047b08b264ec41906ba17a8516e4"
  dependencies:
    ms "2.0.0"

ms@2.0.0:
  version "2.0.0"
  resolved "https://registry.yarnpkg.com/ms/-/ms-2.0.0.tgz#5608aeadfc00be6c2901df5f9861788de0d597c8"

routing2@0.0.13:
  version "0.0.13"
  resolved "https://registry.npm.taobao.org/routing2/download/routing2-0.0.13.tgz#55fbe8fe01df785727e3d0432ea94b988ea18cec"
  integrity sha1-Vfvo/gHfeFcn49BDLqlLmI6hjOw=
