# THIS IS AN AUTOGENERATED FILE. DO NOT EDIT THIS FILE DIRECTLY.
# yarn lockfile v1


debug@latest:
  version "3.0.0"
  resolved "https://registry.yarnpkg.com/debug/-/debug-3.0.0.tgz#1d2feae53349047b08b264ec41906ba17a8516e4"
  dependencies:
    ms "2.0.0"

ms@2.0.0:
  version "2.0.0"
  resolved "https://registry.yarnpkg.com/ms/-/ms-2.0.0.tgz#5608aeadfc00be6c2901df5f9861788de0d597c8"

routing2@latest:
  version "0.0.2"
  resolved "http://r.npm.sankuai.com/routing2/download/routing2-0.0.2.tgz#bf179dc4328be3d3ce358603e8d9cbf71be9e0df"
